// !$*UTF8*$!
{
	archiveVersion = 1;
	classes = {
	};
	objectVersion = 46;
	objects = {

/* Begin PBXBuildFile section */
		072239821EDD6C60002E3418 /* MetronomeSelectorTabBarController.swift in Sources */ = {isa = PBXBuildFile; fileRef = 072239811EDD6C60002E3418 /* MetronomeSelectorTabBarController.swift */; };
		072239841EDD6D3A002E3418 /* TempoMetronomeViewController.swift in Sources */ = {isa = PBXBuildFile; fileRef = 072239831EDD6D3A002E3418 /* TempoMetronomeViewController.swift */; };
		072239861EDD6D5B002E3418 /* MeterMetronomeViewController.swift in Sources */ = {isa = PBXBuildFile; fileRef = 072239851EDD6D5B002E3418 /* MeterMetronomeViewController.swift */; };
		072239881EDD6D72002E3418 /* ScoreMetronomeViewController.swift in Sources */ = {isa = PBXBuildFile; fileRef = 072239871EDD6D72002E3418 /* ScoreMetronomeViewController.swift */; };
		072239901EDDD549002E3418 /* Click.swift in Sources */ = {isa = PBXBuildFile; fileRef = 0722398F1EDDD549002E3418 /* Click.swift */; };
		072239941EDDD695002E3418 /* Clave.wav in Resources */ = {isa = PBXBuildFile; fileRef = 072239921EDDD695002E3418 /* Clave.wav */; };
		072239951EDDD695002E3418 /* Tambourine.wav in Resources */ = {isa = PBXBuildFile; fileRef = 072239931EDDD695002E3418 /* Tambourine.wav */; };
		072239981EDDD6CE002E3418 /* PingHigh.wav in Resources */ = {isa = PBXBuildFile; fileRef = 072239961EDDD6CE002E3418 /* PingHigh.wav */; };
		072239991EDDD6CE002E3418 /* PingLow.wav in Resources */ = {isa = PBXBuildFile; fileRef = 072239971EDDD6CE002E3418 /* PingLow.wav */; };
		0722399C1EDDD6FC002E3418 /* LogicHigh.wav in Resources */ = {isa = PBXBuildFile; fileRef = 0722399A1EDDD6FC002E3418 /* LogicHigh.wav */; };
		0722399D1EDDD6FC002E3418 /* LogicLow.wav in Resources */ = {isa = PBXBuildFile; fileRef = 0722399B1EDDD6FC002E3418 /* LogicLow.wav */; };
		072C0D041EDD5622002306BF /* AppDelegate.swift in Sources */ = {isa = PBXBuildFile; fileRef = 072C0D031EDD5622002306BF /* AppDelegate.swift */; };
		072C0D0B1EDD5622002306BF /* Assets.xcassets in Resources */ = {isa = PBXBuildFile; fileRef = 072C0D0A1EDD5622002306BF /* Assets.xcassets */; };
		072C0D0E1EDD5622002306BF /* LaunchScreen.storyboard in Resources */ = {isa = PBXBuildFile; fileRef = 072C0D0C1EDD5622002306BF /* LaunchScreen.storyboard */; };
		072C0D191EDD5622002306BF /* MetronomeTests.swift in Sources */ = {isa = PBXBuildFile; fileRef = 072C0D181EDD5622002306BF /* MetronomeTests.swift */; };
		072C0D2C1EDD619E002306BF /* Alamofire.framework in Frameworks */ = {isa = PBXBuildFile; fileRef = 072C0D241EDD619E002306BF /* Alamofire.framework */; };
		072C0D2D1EDD619E002306BF /* Alamofire.framework in Embed Frameworks */ = {isa = PBXBuildFile; fileRef = 072C0D241EDD619E002306BF /* Alamofire.framework */; settings = {ATTRIBUTES = (CodeSignOnCopy, RemoveHeadersOnCopy, ); }; };
		072C0D2E1EDD619E002306BF /* ArithmeticTools.framework in Frameworks */ = {isa = PBXBuildFile; fileRef = 072C0D251EDD619E002306BF /* ArithmeticTools.framework */; };
		072C0D2F1EDD619E002306BF /* ArithmeticTools.framework in Embed Frameworks */ = {isa = PBXBuildFile; fileRef = 072C0D251EDD619E002306BF /* ArithmeticTools.framework */; settings = {ATTRIBUTES = (CodeSignOnCopy, RemoveHeadersOnCopy, ); }; };
		072C0D301EDD619E002306BF /* AudioKit.framework in Frameworks */ = {isa = PBXBuildFile; fileRef = 072C0D261EDD619E002306BF /* AudioKit.framework */; };
		072C0D311EDD619E002306BF /* AudioKit.framework in Embed Frameworks */ = {isa = PBXBuildFile; fileRef = 072C0D261EDD619E002306BF /* AudioKit.framework */; settings = {ATTRIBUTES = (CodeSignOnCopy, RemoveHeadersOnCopy, ); }; };
		072C0D321EDD619E002306BF /* Collections.framework in Frameworks */ = {isa = PBXBuildFile; fileRef = 072C0D271EDD619E002306BF /* Collections.framework */; };
		072C0D331EDD619E002306BF /* Collections.framework in Embed Frameworks */ = {isa = PBXBuildFile; fileRef = 072C0D271EDD619E002306BF /* Collections.framework */; settings = {ATTRIBUTES = (CodeSignOnCopy, RemoveHeadersOnCopy, ); }; };
		072C0D341EDD619E002306BF /* MetronomeController.framework in Frameworks */ = {isa = PBXBuildFile; fileRef = 072C0D281EDD619E002306BF /* MetronomeController.framework */; };
		072C0D351EDD619E002306BF /* MetronomeController.framework in Embed Frameworks */ = {isa = PBXBuildFile; fileRef = 072C0D281EDD619E002306BF /* MetronomeController.framework */; settings = {ATTRIBUTES = (CodeSignOnCopy, RemoveHeadersOnCopy, ); }; };
		072C0D361EDD619E002306BF /* Rhythm.framework in Frameworks */ = {isa = PBXBuildFile; fileRef = 072C0D291EDD619E002306BF /* Rhythm.framework */; };
		072C0D371EDD619E002306BF /* Rhythm.framework in Embed Frameworks */ = {isa = PBXBuildFile; fileRef = 072C0D291EDD619E002306BF /* Rhythm.framework */; settings = {ATTRIBUTES = (CodeSignOnCopy, RemoveHeadersOnCopy, ); }; };
		072C0D381EDD619E002306BF /* Timeline.framework in Frameworks */ = {isa = PBXBuildFile; fileRef = 072C0D2A1EDD619E002306BF /* Timeline.framework */; };
		072C0D391EDD619E002306BF /* Timeline.framework in Embed Frameworks */ = {isa = PBXBuildFile; fileRef = 072C0D2A1EDD619E002306BF /* Timeline.framework */; settings = {ATTRIBUTES = (CodeSignOnCopy, RemoveHeadersOnCopy, ); }; };
		072C0D3A1EDD619E002306BF /* Yams.framework in Frameworks */ = {isa = PBXBuildFile; fileRef = 072C0D2B1EDD619E002306BF /* Yams.framework */; };
		072C0D3B1EDD619E002306BF /* Yams.framework in Embed Frameworks */ = {isa = PBXBuildFile; fileRef = 072C0D2B1EDD619E002306BF /* Yams.framework */; settings = {ATTRIBUTES = (CodeSignOnCopy, RemoveHeadersOnCopy, ); }; };
/* End PBXBuildFile section */

/* Begin PBXContainerItemProxy section */
		072C0D151EDD5622002306BF /* PBXContainerItemProxy */ = {
			isa = PBXContainerItemProxy;
			containerPortal = 072C0CF81EDD5622002306BF /* Project object */;
			proxyType = 1;
			remoteGlobalIDString = 072C0CFF1EDD5622002306BF;
			remoteInfo = Metronome;
		};
/* End PBXContainerItemProxy section */

/* Begin PBXCopyFilesBuildPhase section */
		072C0D3C1EDD619F002306BF /* Embed Frameworks */ = {
			isa = PBXCopyFilesBuildPhase;
			buildActionMask = 2147483647;
			dstPath = "";
			dstSubfolderSpec = 10;
			files = (
				072C0D351EDD619E002306BF /* MetronomeController.framework in Embed Frameworks */,
				072C0D331EDD619E002306BF /* Collections.framework in Embed Frameworks */,
				072C0D391EDD619E002306BF /* Timeline.framework in Embed Frameworks */,
				072C0D371EDD619E002306BF /* Rhythm.framework in Embed Frameworks */,
				072C0D3B1EDD619E002306BF /* Yams.framework in Embed Frameworks */,
				072C0D311EDD619E002306BF /* AudioKit.framework in Embed Frameworks */,
				072C0D2F1EDD619E002306BF /* ArithmeticTools.framework in Embed Frameworks */,
				072C0D2D1EDD619E002306BF /* Alamofire.framework in Embed Frameworks */,
			);
			name = "Embed Frameworks";
			runOnlyForDeploymentPostprocessing = 0;
		};
/* End PBXCopyFilesBuildPhase section */

/* Begin PBXFileReference section */
		072239811EDD6C60002E3418 /* MetronomeSelectorTabBarController.swift */ = {isa = PBXFileReference; fileEncoding = 4; lastKnownFileType = sourcecode.swift; path = MetronomeSelectorTabBarController.swift; sourceTree = "<group>"; };
		072239831EDD6D3A002E3418 /* TempoMetronomeViewController.swift */ = {isa = PBXFileReference; fileEncoding = 4; lastKnownFileType = sourcecode.swift; path = TempoMetronomeViewController.swift; sourceTree = "<group>"; };
		072239851EDD6D5B002E3418 /* MeterMetronomeViewController.swift */ = {isa = PBXFileReference; fileEncoding = 4; lastKnownFileType = sourcecode.swift; path = MeterMetronomeViewController.swift; sourceTree = "<group>"; };
		072239871EDD6D72002E3418 /* ScoreMetronomeViewController.swift */ = {isa = PBXFileReference; fileEncoding = 4; lastKnownFileType = sourcecode.swift; path = ScoreMetronomeViewController.swift; sourceTree = "<group>"; };
		0722398F1EDDD549002E3418 /* Click.swift */ = {isa = PBXFileReference; fileEncoding = 4; lastKnownFileType = sourcecode.swift; path = Click.swift; sourceTree = "<group>"; };
		072239921EDDD695002E3418 /* Clave.wav */ = {isa = PBXFileReference; lastKnownFileType = audio.wav; path = Clave.wav; sourceTree = "<group>"; };
		072239931EDDD695002E3418 /* Tambourine.wav */ = {isa = PBXFileReference; lastKnownFileType = audio.wav; path = Tambourine.wav; sourceTree = "<group>"; };
		072239961EDDD6CE002E3418 /* PingHigh.wav */ = {isa = PBXFileReference; lastKnownFileType = audio.wav; path = PingHigh.wav; sourceTree = "<group>"; };
		072239971EDDD6CE002E3418 /* PingLow.wav */ = {isa = PBXFileReference; lastKnownFileType = audio.wav; path = PingLow.wav; sourceTree = "<group>"; };
		0722399A1EDDD6FC002E3418 /* LogicHigh.wav */ = {isa = PBXFileReference; lastKnownFileType = audio.wav; path = LogicHigh.wav; sourceTree = "<group>"; };
		0722399B1EDDD6FC002E3418 /* LogicLow.wav */ = {isa = PBXFileReference; lastKnownFileType = audio.wav; path = LogicLow.wav; sourceTree = "<group>"; };
		072C0D001EDD5622002306BF /* Metronome.app */ = {isa = PBXFileReference; explicitFileType = wrapper.application; includeInIndex = 0; path = Metronome.app; sourceTree = BUILT_PRODUCTS_DIR; };
		072C0D031EDD5622002306BF /* AppDelegate.swift */ = {isa = PBXFileReference; lastKnownFileType = sourcecode.swift; path = AppDelegate.swift; sourceTree = "<group>"; };
		072C0D0A1EDD5622002306BF /* Assets.xcassets */ = {isa = PBXFileReference; lastKnownFileType = folder.assetcatalog; path = Assets.xcassets; sourceTree = "<group>"; };
		072C0D0D1EDD5622002306BF /* Base */ = {isa = PBXFileReference; lastKnownFileType = file.storyboard; name = Base; path = Base.lproj/LaunchScreen.storyboard; sourceTree = "<group>"; };
		072C0D0F1EDD5622002306BF /* Info.plist */ = {isa = PBXFileReference; lastKnownFileType = text.plist.xml; path = Info.plist; sourceTree = "<group>"; };
		072C0D141EDD5622002306BF /* MetronomeTests.xctest */ = {isa = PBXFileReference; explicitFileType = wrapper.cfbundle; includeInIndex = 0; path = MetronomeTests.xctest; sourceTree = BUILT_PRODUCTS_DIR; };
		072C0D181EDD5622002306BF /* MetronomeTests.swift */ = {isa = PBXFileReference; lastKnownFileType = sourcecode.swift; path = MetronomeTests.swift; sourceTree = "<group>"; };
		072C0D1A1EDD5622002306BF /* Info.plist */ = {isa = PBXFileReference; lastKnownFileType = text.plist.xml; path = Info.plist; sourceTree = "<group>"; };
		072C0D241EDD619E002306BF /* Alamofire.framework */ = {isa = PBXFileReference; lastKnownFileType = wrapper.framework; name = Alamofire.framework; path = Carthage/Build/iOS/Alamofire.framework; sourceTree = "<group>"; };
		072C0D251EDD619E002306BF /* ArithmeticTools.framework */ = {isa = PBXFileReference; lastKnownFileType = wrapper.framework; name = ArithmeticTools.framework; path = Carthage/Build/iOS/ArithmeticTools.framework; sourceTree = "<group>"; };
		072C0D261EDD619E002306BF /* AudioKit.framework */ = {isa = PBXFileReference; lastKnownFileType = wrapper.framework; name = AudioKit.framework; path = Carthage/Build/iOS/AudioKit.framework; sourceTree = "<group>"; };
		072C0D271EDD619E002306BF /* Collections.framework */ = {isa = PBXFileReference; lastKnownFileType = wrapper.framework; name = Collections.framework; path = Carthage/Build/iOS/Collections.framework; sourceTree = "<group>"; };
		072C0D281EDD619E002306BF /* MetronomeController.framework */ = {isa = PBXFileReference; lastKnownFileType = wrapper.framework; name = MetronomeController.framework; path = Carthage/Build/iOS/MetronomeController.framework; sourceTree = "<group>"; };
		072C0D291EDD619E002306BF /* Rhythm.framework */ = {isa = PBXFileReference; lastKnownFileType = wrapper.framework; name = Rhythm.framework; path = Carthage/Build/iOS/Rhythm.framework; sourceTree = "<group>"; };
		072C0D2A1EDD619E002306BF /* Timeline.framework */ = {isa = PBXFileReference; lastKnownFileType = wrapper.framework; name = Timeline.framework; path = Carthage/Build/iOS/Timeline.framework; sourceTree = "<group>"; };
		072C0D2B1EDD619E002306BF /* Yams.framework */ = {isa = PBXFileReference; lastKnownFileType = wrapper.framework; name = Yams.framework; path = Carthage/Build/iOS/Yams.framework; sourceTree = "<group>"; };
/* End PBXFileReference section */

/* Begin PBXFrameworksBuildPhase section */
		072C0CFD1EDD5622002306BF /* Frameworks */ = {
			isa = PBXFrameworksBuildPhase;
			buildActionMask = 2147483647;
			files = (
				072C0D341EDD619E002306BF /* MetronomeController.framework in Frameworks */,
				072C0D321EDD619E002306BF /* Collections.framework in Frameworks */,
				072C0D381EDD619E002306BF /* Timeline.framework in Frameworks */,
				072C0D361EDD619E002306BF /* Rhythm.framework in Frameworks */,
				072C0D3A1EDD619E002306BF /* Yams.framework in Frameworks */,
				072C0D301EDD619E002306BF /* AudioKit.framework in Frameworks */,
				072C0D2E1EDD619E002306BF /* ArithmeticTools.framework in Frameworks */,
				072C0D2C1EDD619E002306BF /* Alamofire.framework in Frameworks */,
			);
			runOnlyForDeploymentPostprocessing = 0;
		};
		072C0D111EDD5622002306BF /* Frameworks */ = {
			isa = PBXFrameworksBuildPhase;
			buildActionMask = 2147483647;
			files = (
			);
			runOnlyForDeploymentPostprocessing = 0;
		};
/* End PBXFrameworksBuildPhase section */

/* Begin PBXGroup section */
		0722397C1EDD68B8002E3418 /* Frameworks */ = {
			isa = PBXGroup;
			children = (
				072C0D241EDD619E002306BF /* Alamofire.framework */,
				072C0D251EDD619E002306BF /* ArithmeticTools.framework */,
				072C0D261EDD619E002306BF /* AudioKit.framework */,
				072C0D271EDD619E002306BF /* Collections.framework */,
				072C0D281EDD619E002306BF /* MetronomeController.framework */,
				072C0D291EDD619E002306BF /* Rhythm.framework */,
				072C0D2A1EDD619E002306BF /* Timeline.framework */,
				072C0D2B1EDD619E002306BF /* Yams.framework */,
			);
			name = Frameworks;
			sourceTree = "<group>";
		};
		072239891EDD6D93002E3418 /* View Controllers */ = {
			isa = PBXGroup;
			children = (
				072239811EDD6C60002E3418 /* MetronomeSelectorTabBarController.swift */,
				072239831EDD6D3A002E3418 /* TempoMetronomeViewController.swift */,
				072239851EDD6D5B002E3418 /* MeterMetronomeViewController.swift */,
				072239871EDD6D72002E3418 /* ScoreMetronomeViewController.swift */,
			);
			name = "View Controllers";
			sourceTree = "<group>";
		};
		0722398A1EDDD43A002E3418 /* Audio */ = {
			isa = PBXGroup;
			children = (
				072239911EDDD5FF002E3418 /* Assets */,
				0722398F1EDDD549002E3418 /* Click.swift */,
			);
			name = Audio;
			sourceTree = "<group>";
		};
		072239911EDDD5FF002E3418 /* Assets */ = {
			isa = PBXGroup;
			children = (
				072239921EDDD695002E3418 /* Clave.wav */,
				072239931EDDD695002E3418 /* Tambourine.wav */,
				072239961EDDD6CE002E3418 /* PingHigh.wav */,
				072239971EDDD6CE002E3418 /* PingLow.wav */,
				0722399A1EDDD6FC002E3418 /* LogicHigh.wav */,
				0722399B1EDDD6FC002E3418 /* LogicLow.wav */,
			);
			name = Assets;
			sourceTree = "<group>";
		};
		072C0CF71EDD5622002306BF = {
			isa = PBXGroup;
			children = (
				0722397C1EDD68B8002E3418 /* Frameworks */,
				072C0D021EDD5622002306BF /* Metronome */,
				072C0D171EDD5622002306BF /* MetronomeTests */,
				072C0D011EDD5622002306BF /* Products */,
			);
			sourceTree = "<group>";
		};
		072C0D011EDD5622002306BF /* Products */ = {
			isa = PBXGroup;
			children = (
				072C0D001EDD5622002306BF /* Metronome.app */,
				072C0D141EDD5622002306BF /* MetronomeTests.xctest */,
			);
			name = Products;
			sourceTree = "<group>";
		};
		072C0D021EDD5622002306BF /* Metronome */ = {
			isa = PBXGroup;
			children = (
				0722398A1EDDD43A002E3418 /* Audio */,
				072239891EDD6D93002E3418 /* View Controllers */,
				072C0D031EDD5622002306BF /* AppDelegate.swift */,
				072C0D0A1EDD5622002306BF /* Assets.xcassets */,
				072C0D0C1EDD5622002306BF /* LaunchScreen.storyboard */,
				072C0D0F1EDD5622002306BF /* Info.plist */,
			);
			path = Metronome;
			sourceTree = "<group>";
		};
		072C0D171EDD5622002306BF /* MetronomeTests */ = {
			isa = PBXGroup;
			children = (
				072C0D181EDD5622002306BF /* MetronomeTests.swift */,
				072C0D1A1EDD5622002306BF /* Info.plist */,
			);
			path = MetronomeTests;
			sourceTree = "<group>";
		};
/* End PBXGroup section */

/* Begin PBXNativeTarget section */
		072C0CFF1EDD5622002306BF /* Metronome */ = {
			isa = PBXNativeTarget;
			buildConfigurationList = 072C0D1D1EDD5622002306BF /* Build configuration list for PBXNativeTarget "Metronome" */;
			buildPhases = (
				072C0CFC1EDD5622002306BF /* Sources */,
				072C0CFD1EDD5622002306BF /* Frameworks */,
				072C0CFE1EDD5622002306BF /* Resources */,
				072C0D231EDD5A30002306BF /* ShellScript */,
				072C0D3C1EDD619F002306BF /* Embed Frameworks */,
			);
			buildRules = (
			);
			dependencies = (
			);
			name = Metronome;
			productName = Metronome;
			productReference = 072C0D001EDD5622002306BF /* Metronome.app */;
			productType = "com.apple.product-type.application";
		};
		072C0D131EDD5622002306BF /* MetronomeTests */ = {
			isa = PBXNativeTarget;
			buildConfigurationList = 072C0D201EDD5622002306BF /* Build configuration list for PBXNativeTarget "MetronomeTests" */;
			buildPhases = (
				072C0D101EDD5622002306BF /* Sources */,
				072C0D111EDD5622002306BF /* Frameworks */,
				072C0D121EDD5622002306BF /* Resources */,
			);
			buildRules = (
			);
			dependencies = (
				072C0D161EDD5622002306BF /* PBXTargetDependency */,
			);
			name = MetronomeTests;
			productName = MetronomeTests;
			productReference = 072C0D141EDD5622002306BF /* MetronomeTests.xctest */;
			productType = "com.apple.product-type.bundle.unit-test";
		};
/* End PBXNativeTarget section */

/* Begin PBXProject section */
		072C0CF81EDD5622002306BF /* Project object */ = {
			isa = PBXProject;
			attributes = {
				LastSwiftUpdateCheck = 0830;
				LastUpgradeCheck = 0830;
				ORGANIZATIONNAME = "James Bean";
				TargetAttributes = {
					072C0CFF1EDD5622002306BF = {
						CreatedOnToolsVersion = 8.3.2;
						DevelopmentTeam = F8LCL8SXLX;
						ProvisioningStyle = Automatic;
					};
					072C0D131EDD5622002306BF = {
						CreatedOnToolsVersion = 8.3.2;
						DevelopmentTeam = F8LCL8SXLX;
						ProvisioningStyle = Automatic;
						TestTargetID = 072C0CFF1EDD5622002306BF;
					};
				};
			};
			buildConfigurationList = 072C0CFB1EDD5622002306BF /* Build configuration list for PBXProject "Metronome" */;
			compatibilityVersion = "Xcode 3.2";
			developmentRegion = English;
			hasScannedForEncodings = 0;
			knownRegions = (
				en,
				Base,
			);
			mainGroup = 072C0CF71EDD5622002306BF;
			productRefGroup = 072C0D011EDD5622002306BF /* Products */;
			projectDirPath = "";
			projectRoot = "";
			targets = (
				072C0CFF1EDD5622002306BF /* Metronome */,
				072C0D131EDD5622002306BF /* MetronomeTests */,
			);
		};
/* End PBXProject section */

/* Begin PBXResourcesBuildPhase section */
		072C0CFE1EDD5622002306BF /* Resources */ = {
			isa = PBXResourcesBuildPhase;
			buildActionMask = 2147483647;
			files = (
				0722399D1EDDD6FC002E3418 /* LogicLow.wav in Resources */,
				072239951EDDD695002E3418 /* Tambourine.wav in Resources */,
				072239981EDDD6CE002E3418 /* PingHigh.wav in Resources */,
				072C0D0E1EDD5622002306BF /* LaunchScreen.storyboard in Resources */,
				072239941EDDD695002E3418 /* Clave.wav in Resources */,
				072C0D0B1EDD5622002306BF /* Assets.xcassets in Resources */,
				0722399C1EDDD6FC002E3418 /* LogicHigh.wav in Resources */,
				072239991EDDD6CE002E3418 /* PingLow.wav in Resources */,
			);
			runOnlyForDeploymentPostprocessing = 0;
		};
		072C0D121EDD5622002306BF /* Resources */ = {
			isa = PBXResourcesBuildPhase;
			buildActionMask = 2147483647;
			files = (
			);
			runOnlyForDeploymentPostprocessing = 0;
		};
/* End PBXResourcesBuildPhase section */

/* Begin PBXShellScriptBuildPhase section */
		072C0D231EDD5A30002306BF /* ShellScript */ = {
			isa = PBXShellScriptBuildPhase;
			buildActionMask = 2147483647;
			files = (
			);
			inputPaths = (
				"$(SRCROOT)/Carthage/Build/iOS/Collections.framework",
				"$(SRCROOT)/Carthage/Build/iOS/ArithmeticTools.framework",
				"$(SRCROOT)/Carthage/Build/iOS/Timeline.framework",
				"$(SRCROOT)/Carthage/Build/iOS/Rhythm.framework",
				"$(SRCROOT)/Carthage/Build/iOS/Yams.framework",
				"$(SRCROOT)/Carthage/Build/iOS/Alamofire.framework",
				"$(SRCROOT)/Carthage/Build/iOS/AudioKit.framework",
			);
			outputPaths = (
			);
			runOnlyForDeploymentPostprocessing = 0;
			shellPath = /bin/sh;
			shellScript = "/usr/local/bin/carthage copy-frameworks";
		};
/* End PBXShellScriptBuildPhase section */

/* Begin PBXSourcesBuildPhase section */
		072C0CFC1EDD5622002306BF /* Sources */ = {
			isa = PBXSourcesBuildPhase;
			buildActionMask = 2147483647;
			files = (
				072239881EDD6D72002E3418 /* ScoreMetronomeViewController.swift in Sources */,
				072239821EDD6C60002E3418 /* MetronomeSelectorTabBarController.swift in Sources */,
				072239901EDDD549002E3418 /* Click.swift in Sources */,
				072C0D041EDD5622002306BF /* AppDelegate.swift in Sources */,
				072239841EDD6D3A002E3418 /* TempoMetronomeViewController.swift in Sources */,
				072239861EDD6D5B002E3418 /* MeterMetronomeViewController.swift in Sources */,
			);
			runOnlyForDeploymentPostprocessing = 0;
		};
		072C0D101EDD5622002306BF /* Sources */ = {
			isa = PBXSourcesBuildPhase;
			buildActionMask = 2147483647;
			files = (
				072C0D191EDD5622002306BF /* MetronomeTests.swift in Sources */,
			);
			runOnlyForDeploymentPostprocessing = 0;
		};
/* End PBXSourcesBuildPhase section */

/* Begin PBXTargetDependency section */
		072C0D161EDD5622002306BF /* PBXTargetDependency */ = {
			isa = PBXTargetDependency;
			target = 072C0CFF1EDD5622002306BF /* Metronome */;
			targetProxy = 072C0D151EDD5622002306BF /* PBXContainerItemProxy */;
		};
/* End PBXTargetDependency section */

/* Begin PBXVariantGroup section */
		072C0D0C1EDD5622002306BF /* LaunchScreen.storyboard */ = {
			isa = PBXVariantGroup;
			children = (
				072C0D0D1EDD5622002306BF /* Base */,
			);
			name = LaunchScreen.storyboard;
			sourceTree = "<group>";
		};
/* End PBXVariantGroup section */

/* Begin XCBuildConfiguration section */
		072C0D1B1EDD5622002306BF /* Debug */ = {
			isa = XCBuildConfiguration;
			buildSettings = {
				ALWAYS_SEARCH_USER_PATHS = NO;
				CLANG_ANALYZER_NONNULL = YES;
				CLANG_ANALYZER_NUMBER_OBJECT_CONVERSION = YES_AGGRESSIVE;
				CLANG_CXX_LANGUAGE_STANDARD = "gnu++0x";
				CLANG_CXX_LIBRARY = "libc++";
				CLANG_ENABLE_MODULES = YES;
				CLANG_ENABLE_OBJC_ARC = YES;
				CLANG_WARN_BOOL_CONVERSION = YES;
				CLANG_WARN_CONSTANT_CONVERSION = YES;
				CLANG_WARN_DIRECT_OBJC_ISA_USAGE = YES_ERROR;
				CLANG_WARN_DOCUMENTATION_COMMENTS = YES;
				CLANG_WARN_EMPTY_BODY = YES;
				CLANG_WARN_ENUM_CONVERSION = YES;
				CLANG_WARN_INFINITE_RECURSION = YES;
				CLANG_WARN_INT_CONVERSION = YES;
				CLANG_WARN_OBJC_ROOT_CLASS = YES_ERROR;
				CLANG_WARN_SUSPICIOUS_MOVE = YES;
				CLANG_WARN_UNREACHABLE_CODE = YES;
				CLANG_WARN__DUPLICATE_METHOD_MATCH = YES;
				"CODE_SIGN_IDENTITY[sdk=iphoneos*]" = "iPhone Developer";
				COPY_PHASE_STRIP = NO;
				DEBUG_INFORMATION_FORMAT = dwarf;
				ENABLE_STRICT_OBJC_MSGSEND = YES;
				ENABLE_TESTABILITY = YES;
				GCC_C_LANGUAGE_STANDARD = gnu99;
				GCC_DYNAMIC_NO_PIC = NO;
				GCC_NO_COMMON_BLOCKS = YES;
				GCC_OPTIMIZATION_LEVEL = 0;
				GCC_PREPROCESSOR_DEFINITIONS = (
					"DEBUG=1",
					"$(inherited)",
				);
				GCC_WARN_64_TO_32_BIT_CONVERSION = YES;
				GCC_WARN_ABOUT_RETURN_TYPE = YES_ERROR;
				GCC_WARN_UNDECLARED_SELECTOR = YES;
				GCC_WARN_UNINITIALIZED_AUTOS = YES_AGGRESSIVE;
				GCC_WARN_UNUSED_FUNCTION = YES;
				GCC_WARN_UNUSED_VARIABLE = YES;
				IPHONEOS_DEPLOYMENT_TARGET = 10.3;
				MTL_ENABLE_DEBUG_INFO = YES;
				ONLY_ACTIVE_ARCH = YES;
				SDKROOT = iphoneos;
				SWIFT_ACTIVE_COMPILATION_CONDITIONS = DEBUG;
				SWIFT_OPTIMIZATION_LEVEL = "-Onone";
				TARGETED_DEVICE_FAMILY = "1,2";
			};
			name = Debug;
		};
		072C0D1C1EDD5622002306BF /* Release */ = {
			isa = XCBuildConfiguration;
			buildSettings = {
				ALWAYS_SEARCH_USER_PATHS = NO;
				CLANG_ANALYZER_NONNULL = YES;
				CLANG_ANALYZER_NUMBER_OBJECT_CONVERSION = YES_AGGRESSIVE;
				CLANG_CXX_LANGUAGE_STANDARD = "gnu++0x";
				CLANG_CXX_LIBRARY = "libc++";
				CLANG_ENABLE_MODULES = YES;
				CLANG_ENABLE_OBJC_ARC = YES;
				CLANG_WARN_BOOL_CONVERSION = YES;
				CLANG_WARN_CONSTANT_CONVERSION = YES;
				CLANG_WARN_DIRECT_OBJC_ISA_USAGE = YES_ERROR;
				CLANG_WARN_DOCUMENTATION_COMMENTS = YES;
				CLANG_WARN_EMPTY_BODY = YES;
				CLANG_WARN_ENUM_CONVERSION = YES;
				CLANG_WARN_INFINITE_RECURSION = YES;
				CLANG_WARN_INT_CONVERSION = YES;
				CLANG_WARN_OBJC_ROOT_CLASS = YES_ERROR;
				CLANG_WARN_SUSPICIOUS_MOVE = YES;
				CLANG_WARN_UNREACHABLE_CODE = YES;
				CLANG_WARN__DUPLICATE_METHOD_MATCH = YES;
				"CODE_SIGN_IDENTITY[sdk=iphoneos*]" = "iPhone Developer";
				COPY_PHASE_STRIP = NO;
				DEBUG_INFORMATION_FORMAT = "dwarf-with-dsym";
				ENABLE_NS_ASSERTIONS = NO;
				ENABLE_STRICT_OBJC_MSGSEND = YES;
				GCC_C_LANGUAGE_STANDARD = gnu99;
				GCC_NO_COMMON_BLOCKS = YES;
				GCC_WARN_64_TO_32_BIT_CONVERSION = YES;
				GCC_WARN_ABOUT_RETURN_TYPE = YES_ERROR;
				GCC_WARN_UNDECLARED_SELECTOR = YES;
				GCC_WARN_UNINITIALIZED_AUTOS = YES_AGGRESSIVE;
				GCC_WARN_UNUSED_FUNCTION = YES;
				GCC_WARN_UNUSED_VARIABLE = YES;
				IPHONEOS_DEPLOYMENT_TARGET = 10.3;
				MTL_ENABLE_DEBUG_INFO = NO;
				SDKROOT = iphoneos;
				SWIFT_OPTIMIZATION_LEVEL = "-Owholemodule";
				TARGETED_DEVICE_FAMILY = "1,2";
				VALIDATE_PRODUCT = YES;
			};
			name = Release;
		};
		072C0D1E1EDD5622002306BF /* Debug */ = {
			isa = XCBuildConfiguration;
			buildSettings = {
				ASSETCATALOG_COMPILER_APPICON_NAME = AppIcon;
				DEVELOPMENT_TEAM = F8LCL8SXLX;
				FRAMEWORK_SEARCH_PATHS = (
					"$(SRCROOT)/Carthage/Build/iOS",
					"$(PROJECT_DIR)",
					"$(PROJECT_DIR)/Carthage/Build/iOS",
				);
				INFOPLIST_FILE = Metronome/Info.plist;
				IPHONEOS_DEPLOYMENT_TARGET = 9.3;
				LD_RUNPATH_SEARCH_PATHS = "$(inherited) $(SRCROOT)/Carthage/Build/iOS @executable_path/Frameworks @loader_path/Frameworks";
				PRODUCT_BUNDLE_IDENTIFIER = com.bean.Metronome;
				PRODUCT_NAME = "$(TARGET_NAME)";
				SWIFT_VERSION = 3.0;
			};
			name = Debug;
		};
		072C0D1F1EDD5622002306BF /* Release */ = {
			isa = XCBuildConfiguration;
			buildSettings = {
				ASSETCATALOG_COMPILER_APPICON_NAME = AppIcon;
				DEVELOPMENT_TEAM = F8LCL8SXLX;
				FRAMEWORK_SEARCH_PATHS = (
					"$(SRCROOT)/Carthage/Build/iOS",
					"$(PROJECT_DIR)",
					"$(PROJECT_DIR)/Carthage/Build/iOS",
				);
				INFOPLIST_FILE = Metronome/Info.plist;
				IPHONEOS_DEPLOYMENT_TARGET = 9.3;
				LD_RUNPATH_SEARCH_PATHS = "$(inherited) $(SRCROOT)/Carthage/Build/iOS @executable_path/Frameworks @loader_path/Frameworks";
				PRODUCT_BUNDLE_IDENTIFIER = com.bean.Metronome;
				PRODUCT_NAME = "$(TARGET_NAME)";
				SWIFT_VERSION = 3.0;
			};
			name = Release;
		};
		072C0D211EDD5622002306BF /* Debug */ = {
			isa = XCBuildConfiguration;
			buildSettings = {
				ALWAYS_EMBED_SWIFT_STANDARD_LIBRARIES = YES;
				BUNDLE_LOADER = "$(TEST_HOST)";
				DEVELOPMENT_TEAM = F8LCL8SXLX;
				INFOPLIST_FILE = MetronomeTests/Info.plist;
				LD_RUNPATH_SEARCH_PATHS = "$(inherited) @executable_path/Frameworks @loader_path/Frameworks";
				PRODUCT_BUNDLE_IDENTIFIER = com.bean.MetronomeTests;
				PRODUCT_NAME = "$(TARGET_NAME)";
				SWIFT_VERSION = 3.0;
				TEST_HOST = "$(BUILT_PRODUCTS_DIR)/Metronome.app/Metronome";
			};
			name = Debug;
		};
		072C0D221EDD5622002306BF /* Release */ = {
			isa = XCBuildConfiguration;
			buildSettings = {
				ALWAYS_EMBED_SWIFT_STANDARD_LIBRARIES = YES;
				BUNDLE_LOADER = "$(TEST_HOST)";
				DEVELOPMENT_TEAM = F8LCL8SXLX;
				INFOPLIST_FILE = MetronomeTests/Info.plist;
				LD_RUNPATH_SEARCH_PATHS = "$(inherited) @executable_path/Frameworks @loader_path/Frameworks";
				PRODUCT_BUNDLE_IDENTIFIER = com.bean.MetronomeTests;
				PRODUCT_NAME = "$(TARGET_NAME)";
				SWIFT_VERSION = 3.0;
				TEST_HOST = "$(BUILT_PRODUCTS_DIR)/Metronome.app/Metronome";
			};
			name = Release;
		};
/* End XCBuildConfiguration section */

/* Begin XCConfigurationList section */
		072C0CFB1EDD5622002306BF /* Build configuration list for PBXProject "Metronome" */ = {
			isa = XCConfigurationList;
			buildConfigurations = (
				072C0D1B1EDD5622002306BF /* Debug */,
				072C0D1C1EDD5622002306BF /* Release */,
			);
			defaultConfigurationIsVisible = 0;
			defaultConfigurationName = Release;
		};
		072C0D1D1EDD5622002306BF /* Build configuration list for PBXNativeTarget "Metronome" */ = {
			isa = XCConfigurationList;
			buildConfigurations = (
				072C0D1E1EDD5622002306BF /* Debug */,
				072C0D1F1EDD5622002306BF /* Release */,
			);
			defaultConfigurationIsVisible = 0;
			defaultConfigurationName = Release;
		};
		072C0D201EDD5622002306BF /* Build configuration list for PBXNativeTarget "MetronomeTests" */ = {
			isa = XCConfigurationList;
			buildConfigurations = (
				072C0D211EDD5622002306BF /* Debug */,
				072C0D221EDD5622002306BF /* Release */,
			);
			defaultConfigurationIsVisible = 0;
			defaultConfigurationName = Release;
		};
/* End XCConfigurationList section */
	};
	rootObject = 072C0CF81EDD5622002306BF /* Project object */;
}
